// !$*UTF8*$!
{
	archiveVersion = 1;
	classes = {
	};
	objectVersion = 56;
	objects = {

/* Begin PBXBuildFile section */
		FD2E10A22A61DC1B00EC1BE1 /* CryptoProBootcampApp.swift in Sources */ = {isa = PBXBuildFile; fileRef = FD2E10A12A61DC1B00EC1BE1 /* CryptoProBootcampApp.swift */; };
		FD2E10A92A61DC1C00EC1BE1 /* Preview Assets.xcassets in Resources */ = {isa = PBXBuildFile; fileRef = FD2E10A82A61DC1C00EC1BE1 /* Preview Assets.xcassets */; };
		FD2E10B02A61DE2200EC1BE1 /* Assets.xcassets in Resources */ = {isa = PBXBuildFile; fileRef = FD2E10AF2A61DE2200EC1BE1 /* Assets.xcassets */; };
		FD2E10B32A61DFE700EC1BE1 /* Color + Extension.swift in Sources */ = {isa = PBXBuildFile; fileRef = FD2E10B22A61DFE700EC1BE1 /* Color + Extension.swift */; };
		FD2E10B92A61E74600EC1BE1 /* HomeView.swift in Sources */ = {isa = PBXBuildFile; fileRef = FD2E10B82A61E74600EC1BE1 /* HomeView.swift */; };
		FD2E10BD2A61E94E00EC1BE1 /* CircleButtonView.swift in Sources */ = {isa = PBXBuildFile; fileRef = FD2E10BC2A61E94E00EC1BE1 /* CircleButtonView.swift */; };
		FD2E10BF2A6270ED00EC1BE1 /* CircleButtonAnimationView.swift in Sources */ = {isa = PBXBuildFile; fileRef = FD2E10BE2A6270ED00EC1BE1 /* CircleButtonAnimationView.swift */; };
		FD2E10C42A627A1E00EC1BE1 /* CoinModel.swift in Sources */ = {isa = PBXBuildFile; fileRef = FD2E10C32A627A1E00EC1BE1 /* CoinModel.swift */; };
		FD2E10C62A6286C600EC1BE1 /* CoinRowView.swift in Sources */ = {isa = PBXBuildFile; fileRef = FD2E10C52A6286C600EC1BE1 /* CoinRowView.swift */; };
		FD2E10C82A62886500EC1BE1 /* PreviewProvider + Extension.swift in Sources */ = {isa = PBXBuildFile; fileRef = FD2E10C72A62886500EC1BE1 /* PreviewProvider + Extension.swift */; };
		FD2E10CA2A628D4500EC1BE1 /* Double + Extension.swift in Sources */ = {isa = PBXBuildFile; fileRef = FD2E10C92A628D4500EC1BE1 /* Double + Extension.swift */; };
		FD5371B42A64316E00782A2B /* NetworkingManager.swift in Sources */ = {isa = PBXBuildFile; fileRef = FD5371B32A64316E00782A2B /* NetworkingManager.swift */; };
		FD59194B2A62BB1400A20087 /* HomeViewModel.swift in Sources */ = {isa = PBXBuildFile; fileRef = FD59194A2A62BB1400A20087 /* HomeViewModel.swift */; };
		FD59194E2A62C62F00A20087 /* CoinDataService.swift in Sources */ = {isa = PBXBuildFile; fileRef = FD59194D2A62C62F00A20087 /* CoinDataService.swift */; };
/* End PBXBuildFile section */

/* Begin PBXFileReference section */
		FD2E109E2A61DC1B00EC1BE1 /* CryptoProBootcamp.app */ = {isa = PBXFileReference; explicitFileType = wrapper.application; includeInIndex = 0; path = CryptoProBootcamp.app; sourceTree = BUILT_PRODUCTS_DIR; };
		FD2E10A12A61DC1B00EC1BE1 /* CryptoProBootcampApp.swift */ = {isa = PBXFileReference; lastKnownFileType = sourcecode.swift; path = CryptoProBootcampApp.swift; sourceTree = "<group>"; };
		FD2E10A82A61DC1C00EC1BE1 /* Preview Assets.xcassets */ = {isa = PBXFileReference; lastKnownFileType = folder.assetcatalog; path = "Preview Assets.xcassets"; sourceTree = "<group>"; };
		FD2E10AF2A61DE2200EC1BE1 /* Assets.xcassets */ = {isa = PBXFileReference; lastKnownFileType = folder.assetcatalog; name = Assets.xcassets; path = Resources/Assets.xcassets; sourceTree = SOURCE_ROOT; };
		FD2E10B22A61DFE700EC1BE1 /* Color + Extension.swift */ = {isa = PBXFileReference; lastKnownFileType = sourcecode.swift; path = "Color + Extension.swift"; sourceTree = "<group>"; };
		FD2E10B82A61E74600EC1BE1 /* HomeView.swift */ = {isa = PBXFileReference; lastKnownFileType = sourcecode.swift; path = HomeView.swift; sourceTree = "<group>"; };
		FD2E10BC2A61E94E00EC1BE1 /* CircleButtonView.swift */ = {isa = PBXFileReference; lastKnownFileType = sourcecode.swift; path = CircleButtonView.swift; sourceTree = "<group>"; };
		FD2E10BE2A6270ED00EC1BE1 /* CircleButtonAnimationView.swift */ = {isa = PBXFileReference; lastKnownFileType = sourcecode.swift; path = CircleButtonAnimationView.swift; sourceTree = "<group>"; };
		FD2E10C32A627A1E00EC1BE1 /* CoinModel.swift */ = {isa = PBXFileReference; lastKnownFileType = sourcecode.swift; path = CoinModel.swift; sourceTree = "<group>"; };
		FD2E10C52A6286C600EC1BE1 /* CoinRowView.swift */ = {isa = PBXFileReference; lastKnownFileType = sourcecode.swift; path = CoinRowView.swift; sourceTree = "<group>"; };
		FD2E10C72A62886500EC1BE1 /* PreviewProvider + Extension.swift */ = {isa = PBXFileReference; lastKnownFileType = sourcecode.swift; path = "PreviewProvider + Extension.swift"; sourceTree = "<group>"; };
		FD2E10C92A628D4500EC1BE1 /* Double + Extension.swift */ = {isa = PBXFileReference; lastKnownFileType = sourcecode.swift; path = "Double + Extension.swift"; sourceTree = "<group>"; };
		FD5371B32A64316E00782A2B /* NetworkingManager.swift */ = {isa = PBXFileReference; lastKnownFileType = sourcecode.swift; path = NetworkingManager.swift; sourceTree = "<group>"; };
		FD59194A2A62BB1400A20087 /* HomeViewModel.swift */ = {isa = PBXFileReference; lastKnownFileType = sourcecode.swift; path = HomeViewModel.swift; sourceTree = "<group>"; };
		FD59194D2A62C62F00A20087 /* CoinDataService.swift */ = {isa = PBXFileReference; lastKnownFileType = sourcecode.swift; path = CoinDataService.swift; sourceTree = "<group>"; };
/* End PBXFileReference section */

/* Begin PBXFrameworksBuildPhase section */
		FD2E109B2A61DC1B00EC1BE1 /* Frameworks */ = {
			isa = PBXFrameworksBuildPhase;
			buildActionMask = 2147483647;
			files = (
			);
			runOnlyForDeploymentPostprocessing = 0;
		};
/* End PBXFrameworksBuildPhase section */

/* Begin PBXGroup section */
		FD2E10952A61DC1B00EC1BE1 = {
			isa = PBXGroup;
			children = (
				FD2E10A12A61DC1B00EC1BE1 /* CryptoProBootcampApp.swift */,
				FD2E10A02A61DC1B00EC1BE1 /* CryptoProBootcamp */,
				FD2E109F2A61DC1B00EC1BE1 /* Products */,
			);
			sourceTree = "<group>";
		};
		FD2E109F2A61DC1B00EC1BE1 /* Products */ = {
			isa = PBXGroup;
			children = (
				FD2E109E2A61DC1B00EC1BE1 /* CryptoProBootcamp.app */,
			);
			name = Products;
			sourceTree = "<group>";
		};
		FD2E10A02A61DC1B00EC1BE1 /* CryptoProBootcamp */ = {
			isa = PBXGroup;
			children = (
				FD5371B22A6430FF00782A2B /* Utilites */,
				FD2E10B12A61DFD300EC1BE1 /* Extensions */,
				FD59194C2A62C5E900A20087 /* Services */,
				FD2E10C02A6279B700EC1BE1 /* Models */,
				FD2E10B42A61E6F700EC1BE1 /* Core */,
				FD2E10A72A61DC1C00EC1BE1 /* Preview Content */,
			);
			path = CryptoProBootcamp;
			sourceTree = "<group>";
		};
		FD2E10A72A61DC1C00EC1BE1 /* Preview Content */ = {
			isa = PBXGroup;
			children = (
				FD2E10AF2A61DE2200EC1BE1 /* Assets.xcassets */,
				FD2E10A82A61DC1C00EC1BE1 /* Preview Assets.xcassets */,
			);
			path = "Preview Content";
			sourceTree = "<group>";
		};
		FD2E10B12A61DFD300EC1BE1 /* Extensions */ = {
			isa = PBXGroup;
			children = (
				FD2E10B22A61DFE700EC1BE1 /* Color + Extension.swift */,
				FD2E10C72A62886500EC1BE1 /* PreviewProvider + Extension.swift */,
				FD2E10C92A628D4500EC1BE1 /* Double + Extension.swift */,
			);
			path = Extensions;
			sourceTree = "<group>";
		};
		FD2E10B42A61E6F700EC1BE1 /* Core */ = {
			isa = PBXGroup;
			children = (
				FD2E10BA2A61E90200EC1BE1 /* Components */,
				FD2E10B52A61E70100EC1BE1 /* Home */,
			);
			path = Core;
			sourceTree = "<group>";
		};
		FD2E10B52A61E70100EC1BE1 /* Home */ = {
			isa = PBXGroup;
			children = (
				FD2E10B62A61E71800EC1BE1 /* ViewModels */,
				FD2E10B72A61E72500EC1BE1 /* Views */,
			);
			path = Home;
			sourceTree = "<group>";
		};
		FD2E10B62A61E71800EC1BE1 /* ViewModels */ = {
			isa = PBXGroup;
			children = (
				FD59194A2A62BB1400A20087 /* HomeViewModel.swift */,
			);
			path = ViewModels;
			sourceTree = "<group>";
		};
		FD2E10B72A61E72500EC1BE1 /* Views */ = {
			isa = PBXGroup;
			children = (
				FD2E10B82A61E74600EC1BE1 /* HomeView.swift */,
				FD2E10C52A6286C600EC1BE1 /* CoinRowView.swift */,
			);
			path = Views;
			sourceTree = "<group>";
		};
		FD2E10BA2A61E90200EC1BE1 /* Components */ = {
			isa = PBXGroup;
			children = (
				FD2E10BB2A61E92900EC1BE1 /* CircleButton */,
			);
			path = Components;
			sourceTree = "<group>";
		};
		FD2E10BB2A61E92900EC1BE1 /* CircleButton */ = {
			isa = PBXGroup;
			children = (
				FD2E10BC2A61E94E00EC1BE1 /* CircleButtonView.swift */,
				FD2E10BE2A6270ED00EC1BE1 /* CircleButtonAnimationView.swift */,
			);
			path = CircleButton;
			sourceTree = "<group>";
		};
		FD2E10C02A6279B700EC1BE1 /* Models */ = {
			isa = PBXGroup;
			children = (
				FD2E10C32A627A1E00EC1BE1 /* CoinModel.swift */,
			);
			path = Models;
			sourceTree = "<group>";
		};
		FD5371B22A6430FF00782A2B /* Utilites */ = {
			isa = PBXGroup;
			children = (
				FD5371B32A64316E00782A2B /* NetworkingManager.swift */,
			);
			path = Utilites;
			sourceTree = "<group>";
		};
		FD59194C2A62C5E900A20087 /* Services */ = {
			isa = PBXGroup;
			children = (
				FD59194D2A62C62F00A20087 /* CoinDataService.swift */,
			);
			path = Services;
			sourceTree = "<group>";
		};
/* End PBXGroup section */

/* Begin PBXNativeTarget section */
		FD2E109D2A61DC1B00EC1BE1 /* CryptoProBootcamp */ = {
			isa = PBXNativeTarget;
			buildConfigurationList = FD2E10AC2A61DC1C00EC1BE1 /* Build configuration list for PBXNativeTarget "CryptoProBootcamp" */;
			buildPhases = (
				FD2E109A2A61DC1B00EC1BE1 /* Sources */,
				FD2E109B2A61DC1B00EC1BE1 /* Frameworks */,
				FD2E109C2A61DC1B00EC1BE1 /* Resources */,
			);
			buildRules = (
			);
			dependencies = (
			);
			name = CryptoProBootcamp;
			productName = CryptoProBootcamp;
			productReference = FD2E109E2A61DC1B00EC1BE1 /* CryptoProBootcamp.app */;
			productType = "com.apple.product-type.application";
		};
/* End PBXNativeTarget section */

/* Begin PBXProject section */
		FD2E10962A61DC1B00EC1BE1 /* Project object */ = {
			isa = PBXProject;
			attributes = {
				BuildIndependentTargetsInParallel = 1;
				LastSwiftUpdateCheck = 1430;
				LastUpgradeCheck = 1430;
				TargetAttributes = {
					FD2E109D2A61DC1B00EC1BE1 = {
						CreatedOnToolsVersion = 14.3;
					};
				};
			};
			buildConfigurationList = FD2E10992A61DC1B00EC1BE1 /* Build configuration list for PBXProject "CryptoProBootcamp" */;
			compatibilityVersion = "Xcode 14.0";
			developmentRegion = en;
			hasScannedForEncodings = 0;
			knownRegions = (
				en,
				Base,
			);
			mainGroup = FD2E10952A61DC1B00EC1BE1;
			productRefGroup = FD2E109F2A61DC1B00EC1BE1 /* Products */;
			projectDirPath = "";
			projectRoot = "";
			targets = (
				FD2E109D2A61DC1B00EC1BE1 /* CryptoProBootcamp */,
			);
		};
/* End PBXProject section */

/* Begin PBXResourcesBuildPhase section */
		FD2E109C2A61DC1B00EC1BE1 /* Resources */ = {
			isa = PBXResourcesBuildPhase;
			buildActionMask = 2147483647;
			files = (
				FD2E10A92A61DC1C00EC1BE1 /* Preview Assets.xcassets in Resources */,
				FD2E10B02A61DE2200EC1BE1 /* Assets.xcassets in Resources */,
			);
			runOnlyForDeploymentPostprocessing = 0;
		};
/* End PBXResourcesBuildPhase section */

/* Begin PBXSourcesBuildPhase section */
		FD2E109A2A61DC1B00EC1BE1 /* Sources */ = {
			isa = PBXSourcesBuildPhase;
			buildActionMask = 2147483647;
			files = (
				FD2E10B92A61E74600EC1BE1 /* HomeView.swift in Sources */,
				FD2E10A22A61DC1B00EC1BE1 /* CryptoProBootcampApp.swift in Sources */,
				FD2E10BD2A61E94E00EC1BE1 /* CircleButtonView.swift in Sources */,
				FD59194B2A62BB1400A20087 /* HomeViewModel.swift in Sources */,
				FD2E10C82A62886500EC1BE1 /* PreviewProvider + Extension.swift in Sources */,
				FD2E10CA2A628D4500EC1BE1 /* Double + Extension.swift in Sources */,
				FD2E10B32A61DFE700EC1BE1 /* Color + Extension.swift in Sources */,
				FD2E10C42A627A1E00EC1BE1 /* CoinModel.swift in Sources */,
				FD2E10C62A6286C600EC1BE1 /* CoinRowView.swift in Sources */,
				FD5371B42A64316E00782A2B /* NetworkingManager.swift in Sources */,
				FD2E10BF2A6270ED00EC1BE1 /* CircleButtonAnimationView.swift in Sources */,
				FD59194E2A62C62F00A20087 /* CoinDataService.swift in Sources */,
			);
			runOnlyForDeploymentPostprocessing = 0;
		};
/* End PBXSourcesBuildPhase section */

/* Begin XCBuildConfiguration section */
		FD2E10AA2A61DC1C00EC1BE1 /* Debug */ = {
			isa = XCBuildConfiguration;
			buildSettings = {
				ALWAYS_SEARCH_USER_PATHS = NO;
				CLANG_ANALYZER_NONNULL = YES;
				CLANG_ANALYZER_NUMBER_OBJECT_CONVERSION = YES_AGGRESSIVE;
				CLANG_CXX_LANGUAGE_STANDARD = "gnu++20";
				CLANG_ENABLE_MODULES = YES;
				CLANG_ENABLE_OBJC_ARC = YES;
				CLANG_ENABLE_OBJC_WEAK = YES;
				CLANG_WARN_BLOCK_CAPTURE_AUTORELEASING = YES;
				CLANG_WARN_BOOL_CONVERSION = YES;
				CLANG_WARN_COMMA = YES;
				CLANG_WARN_CONSTANT_CONVERSION = YES;
				CLANG_WARN_DEPRECATED_OBJC_IMPLEMENTATIONS = YES;
				CLANG_WARN_DIRECT_OBJC_ISA_USAGE = YES_ERROR;
				CLANG_WARN_DOCUMENTATION_COMMENTS = YES;
				CLANG_WARN_EMPTY_BODY = YES;
				CLANG_WARN_ENUM_CONVERSION = YES;
				CLANG_WARN_INFINITE_RECURSION = YES;
				CLANG_WARN_INT_CONVERSION = YES;
				CLANG_WARN_NON_LITERAL_NULL_CONVERSION = YES;
				CLANG_WARN_OBJC_IMPLICIT_RETAIN_SELF = YES;
				CLANG_WARN_OBJC_LITERAL_CONVERSION = YES;
				CLANG_WARN_OBJC_ROOT_CLASS = YES_ERROR;
				CLANG_WARN_QUOTED_INCLUDE_IN_FRAMEWORK_HEADER = YES;
				CLANG_WARN_RANGE_LOOP_ANALYSIS = YES;
				CLANG_WARN_STRICT_PROTOTYPES = YES;
				CLANG_WARN_SUSPICIOUS_MOVE = YES;
				CLANG_WARN_UNGUARDED_AVAILABILITY = YES_AGGRESSIVE;
				CLANG_WARN_UNREACHABLE_CODE = YES;
				CLANG_WARN__DUPLICATE_METHOD_MATCH = YES;
				COPY_PHASE_STRIP = NO;
				DEBUG_INFORMATION_FORMAT = dwarf;
				ENABLE_STRICT_OBJC_MSGSEND = YES;
				ENABLE_TESTABILITY = YES;
				GCC_C_LANGUAGE_STANDARD = gnu11;
				GCC_DYNAMIC_NO_PIC = NO;
				GCC_NO_COMMON_BLOCKS = YES;
				GCC_OPTIMIZATION_LEVEL = 0;
				GCC_PREPROCESSOR_DEFINITIONS = (
					"DEBUG=1",
					"$(inherited)",
				);
				GCC_WARN_64_TO_32_BIT_CONVERSION = YES;
				GCC_WARN_ABOUT_RETURN_TYPE = YES_ERROR;
				GCC_WARN_UNDECLARED_SELECTOR = YES;
				GCC_WARN_UNINITIALIZED_AUTOS = YES_AGGRESSIVE;
				GCC_WARN_UNUSED_FUNCTION = YES;
				GCC_WARN_UNUSED_VARIABLE = YES;
				IPHONEOS_DEPLOYMENT_TARGET = 16.4;
				MTL_ENABLE_DEBUG_INFO = INCLUDE_SOURCE;
				MTL_FAST_MATH = YES;
				ONLY_ACTIVE_ARCH = YES;
				SDKROOT = iphoneos;
				SWIFT_ACTIVE_COMPILATION_CONDITIONS = DEBUG;
				SWIFT_OPTIMIZATION_LEVEL = "-Onone";
			};
			name = Debug;
		};
		FD2E10AB2A61DC1C00EC1BE1 /* Release */ = {
			isa = XCBuildConfiguration;
			buildSettings = {
				ALWAYS_SEARCH_USER_PATHS = NO;
				CLANG_ANALYZER_NONNULL = YES;
				CLANG_ANALYZER_NUMBER_OBJECT_CONVERSION = YES_AGGRESSIVE;
				CLANG_CXX_LANGUAGE_STANDARD = "gnu++20";
				CLANG_ENABLE_MODULES = YES;
				CLANG_ENABLE_OBJC_ARC = YES;
				CLANG_ENABLE_OBJC_WEAK = YES;
				CLANG_WARN_BLOCK_CAPTURE_AUTORELEASING = YES;
				CLANG_WARN_BOOL_CONVERSION = YES;
				CLANG_WARN_COMMA = YES;
				CLANG_WARN_CONSTANT_CONVERSION = YES;
				CLANG_WARN_DEPRECATED_OBJC_IMPLEMENTATIONS = YES;
				CLANG_WARN_DIRECT_OBJC_ISA_USAGE = YES_ERROR;
				CLANG_WARN_DOCUMENTATION_COMMENTS = YES;
				CLANG_WARN_EMPTY_BODY = YES;
				CLANG_WARN_ENUM_CONVERSION = YES;
				CLANG_WARN_INFINITE_RECURSION = YES;
				CLANG_WARN_INT_CONVERSION = YES;
				CLANG_WARN_NON_LITERAL_NULL_CONVERSION = YES;
				CLANG_WARN_OBJC_IMPLICIT_RETAIN_SELF = YES;
				CLANG_WARN_OBJC_LITERAL_CONVERSION = YES;
				CLANG_WARN_OBJC_ROOT_CLASS = YES_ERROR;
				CLANG_WARN_QUOTED_INCLUDE_IN_FRAMEWORK_HEADER = YES;
				CLANG_WARN_RANGE_LOOP_ANALYSIS = YES;
				CLANG_WARN_STRICT_PROTOTYPES = YES;
				CLANG_WARN_SUSPICIOUS_MOVE = YES;
				CLANG_WARN_UNGUARDED_AVAILABILITY = YES_AGGRESSIVE;
				CLANG_WARN_UNREACHABLE_CODE = YES;
				CLANG_WARN__DUPLICATE_METHOD_MATCH = YES;
				COPY_PHASE_STRIP = NO;
				DEBUG_INFORMATION_FORMAT = "dwarf-with-dsym";
				ENABLE_NS_ASSERTIONS = NO;
				ENABLE_STRICT_OBJC_MSGSEND = YES;
				GCC_C_LANGUAGE_STANDARD = gnu11;
				GCC_NO_COMMON_BLOCKS = YES;
				GCC_WARN_64_TO_32_BIT_CONVERSION = YES;
				GCC_WARN_ABOUT_RETURN_TYPE = YES_ERROR;
				GCC_WARN_UNDECLARED_SELECTOR = YES;
				GCC_WARN_UNINITIALIZED_AUTOS = YES_AGGRESSIVE;
				GCC_WARN_UNUSED_FUNCTION = YES;
				GCC_WARN_UNUSED_VARIABLE = YES;
				IPHONEOS_DEPLOYMENT_TARGET = 16.4;
				MTL_ENABLE_DEBUG_INFO = NO;
				MTL_FAST_MATH = YES;
				SDKROOT = iphoneos;
				SWIFT_COMPILATION_MODE = wholemodule;
				SWIFT_OPTIMIZATION_LEVEL = "-O";
				VALIDATE_PRODUCT = YES;
			};
			name = Release;
		};
		FD2E10AD2A61DC1C00EC1BE1 /* Debug */ = {
			isa = XCBuildConfiguration;
			buildSettings = {
				ASSETCATALOG_COMPILER_APPICON_NAME = AppIcon;
				ASSETCATALOG_COMPILER_GLOBAL_ACCENT_COLOR_NAME = AccentColor;
				CODE_SIGN_STYLE = Automatic;
				CURRENT_PROJECT_VERSION = 1;
				DEVELOPMENT_ASSET_PATHS = "\"CryptoProBootcamp/Preview Content\"";
				DEVELOPMENT_TEAM = BMFF8ZNZAT;
				ENABLE_PREVIEWS = YES;
				GENERATE_INFOPLIST_FILE = YES;
				INFOPLIST_KEY_CFBundleDisplayName = "Crypto Tracker";
				INFOPLIST_KEY_UIApplicationSceneManifest_Generation = YES;
				INFOPLIST_KEY_UIApplicationSupportsIndirectInputEvents = YES;
				INFOPLIST_KEY_UILaunchScreen_Generation = YES;
				INFOPLIST_KEY_UIStatusBarStyle = "";
				INFOPLIST_KEY_UISupportedInterfaceOrientations = UIInterfaceOrientationPortrait;
				INFOPLIST_KEY_UISupportedInterfaceOrientations_iPad = "UIInterfaceOrientationLandscapeLeft UIInterfaceOrientationLandscapeRight UIInterfaceOrientationPortrait UIInterfaceOrientationPortraitUpsideDown";
				LD_RUNPATH_SEARCH_PATHS = (
					"$(inherited)",
					"@executable_path/Frameworks",
				);
				MARKETING_VERSION = 1.0;
				PRODUCT_BUNDLE_IDENTIFIER = "Kasharin-M.CryptoProBootcamp";
				PRODUCT_NAME = "$(TARGET_NAME)";
				SUPPORTED_PLATFORMS = "iphoneos iphonesimulator";
				SUPPORTS_MACCATALYST = NO;
				SUPPORTS_MAC_DESIGNED_FOR_IPHONE_IPAD = NO;
				SWIFT_EMIT_LOC_STRINGS = YES;
				SWIFT_VERSION = 5.0;
				TARGETED_DEVICE_FAMILY = 1;
			};
			name = Debug;
		};
		FD2E10AE2A61DC1C00EC1BE1 /* Release */ = {
			isa = XCBuildConfiguration;
			buildSettings = {
				ASSETCATALOG_COMPILER_APPICON_NAME = AppIcon;
				ASSETCATALOG_COMPILER_GLOBAL_ACCENT_COLOR_NAME = AccentColor;
				CODE_SIGN_STYLE = Automatic;
				CURRENT_PROJECT_VERSION = 1;
				DEVELOPMENT_ASSET_PATHS = "\"CryptoProBootcamp/Preview Content\"";
				DEVELOPMENT_TEAM = BMFF8ZNZAT;
				ENABLE_PREVIEWS = YES;
				GENERATE_INFOPLIST_FILE = YES;
				INFOPLIST_KEY_CFBundleDisplayName = "Crypto Tracker";
				INFOPLIST_KEY_UIApplicationSceneManifest_Generation = YES;
				INFOPLIST_KEY_UIApplicationSupportsIndirectInputEvents = YES;
				INFOPLIST_KEY_UILaunchScreen_Generation = YES;
				INFOPLIST_KEY_UIStatusBarStyle = "";
				INFOPLIST_KEY_UISupportedInterfaceOrientations = UIInterfaceOrientationPortrait;
				INFOPLIST_KEY_UISupportedInterfaceOrientations_iPad = "UIInterfaceOrientationLandscapeLeft UIInterfaceOrientationLandscapeRight UIInterfaceOrientationPortrait UIInterfaceOrientationPortraitUpsideDown";
				LD_RUNPATH_SEARCH_PATHS = (
					"$(inherited)",
					"@executable_path/Frameworks",
				);
				MARKETING_VERSION = 1.0;
				PRODUCT_BUNDLE_IDENTIFIER = "Kasharin-M.CryptoProBootcamp";
				PRODUCT_NAME = "$(TARGET_NAME)";
				SUPPORTED_PLATFORMS = "iphoneos iphonesimulator";
				SUPPORTS_MACCATALYST = NO;
				SUPPORTS_MAC_DESIGNED_FOR_IPHONE_IPAD = NO;
				SWIFT_EMIT_LOC_STRINGS = YES;
				SWIFT_VERSION = 5.0;
				TARGETED_DEVICE_FAMILY = 1;
			};
			name = Release;
		};
/* End XCBuildConfiguration section */

/* Begin XCConfigurationList section */
		FD2E10992A61DC1B00EC1BE1 /* Build configuration list for PBXProject "CryptoProBootcamp" */ = {
			isa = XCConfigurationList;
			buildConfigurations = (
				FD2E10AA2A61DC1C00EC1BE1 /* Debug */,
				FD2E10AB2A61DC1C00EC1BE1 /* Release */,
			);
			defaultConfigurationIsVisible = 0;
			defaultConfigurationName = Release;
		};
		FD2E10AC2A61DC1C00EC1BE1 /* Build configuration list for PBXNativeTarget "CryptoProBootcamp" */ = {
			isa = XCConfigurationList;
			buildConfigurations = (
				FD2E10AD2A61DC1C00EC1BE1 /* Debug */,
				FD2E10AE2A61DC1C00EC1BE1 /* Release */,
			);
			defaultConfigurationIsVisible = 0;
			defaultConfigurationName = Release;
		};
/* End XCConfigurationList section */
	};
	rootObject = FD2E10962A61DC1B00EC1BE1 /* Project object */;
}
